// !$*UTF8*$!
{
	archiveVersion = 1;
	classes = {
	};
	objectVersion = 46;
	objects = {

/* Begin PBXBuildFile section */
		9F5C1C571CCF49AB004F4BBD /* 1.gif in Resources */ = {isa = PBXBuildFile; fileRef = 9F5C1C561CCF49AB004F4BBD /* 1.gif */; };
		9F68AE521CC89E5D003A8694 /* main.m in Sources */ = {isa = PBXBuildFile; fileRef = 9F68AE511CC89E5D003A8694 /* main.m */; };
		9F68AE551CC89E5D003A8694 /* AppDelegate.m in Sources */ = {isa = PBXBuildFile; fileRef = 9F68AE541CC89E5D003A8694 /* AppDelegate.m */; };
		9F68AE5B1CC89E5D003A8694 /* Main.storyboard in Resources */ = {isa = PBXBuildFile; fileRef = 9F68AE591CC89E5D003A8694 /* Main.storyboard */; };
		9F68AE5D1CC89E5D003A8694 /* Assets.xcassets in Resources */ = {isa = PBXBuildFile; fileRef = 9F68AE5C1CC89E5D003A8694 /* Assets.xcassets */; };
		9F68AE601CC89E5D003A8694 /* LaunchScreen.storyboard in Resources */ = {isa = PBXBuildFile; fileRef = 9F68AE5E1CC89E5D003A8694 /* LaunchScreen.storyboard */; };
		9F68AE6D1CC89F5F003A8694 /* MasterViewController.m in Sources */ = {isa = PBXBuildFile; fileRef = 9F68AE6B1CC89F5F003A8694 /* MasterViewController.m */; };
		9F68AE6E1CC89F5F003A8694 /* MasterViewController.xib in Resources */ = {isa = PBXBuildFile; fileRef = 9F68AE6C1CC89F5F003A8694 /* MasterViewController.xib */; };
		9F68AE711CC8A536003A8694 /* 风景图.jpg in Resources */ = {isa = PBXBuildFile; fileRef = 9F68AE701CC8A536003A8694 /* 风景图.jpg */; };
		9F68AE741CC8A7C9003A8694 /* IndividualLabelMenu.m in Sources */ = {isa = PBXBuildFile; fileRef = 9F68AE731CC8A7C9003A8694 /* IndividualLabelMenu.m */; };
		9F68AE771CC8C16B003A8694 /* QQProfileMagicView.m in Sources */ = {isa = PBXBuildFile; fileRef = 9F68AE761CC8C16B003A8694 /* QQProfileMagicView.m */; };
		9F8E54CE1CCDBF20007832D7 /* QQHeaderView.m in Sources */ = {isa = PBXBuildFile; fileRef = 9F8E54CD1CCDBF20007832D7 /* QQHeaderView.m */; };
		9F8E54D01CCDE14F007832D7 /* 1.jpg in Resources */ = {isa = PBXBuildFile; fileRef = 9F8E54CF1CCDE14F007832D7 /* 1.jpg */; };
/* End PBXBuildFile section */

/* Begin PBXFileReference section */
		9F5C1C561CCF49AB004F4BBD /* 1.gif */ = {isa = PBXFileReference; lastKnownFileType = image.gif; path = 1.gif; sourceTree = "<group>"; };
		9F68AE4D1CC89E5D003A8694 /* QQUserProfile.app */ = {isa = PBXFileReference; explicitFileType = wrapper.application; includeInIndex = 0; path = QQUserProfile.app; sourceTree = BUILT_PRODUCTS_DIR; };
		9F68AE511CC89E5D003A8694 /* main.m */ = {isa = PBXFileReference; lastKnownFileType = sourcecode.c.objc; path = main.m; sourceTree = "<group>"; };
		9F68AE531CC89E5D003A8694 /* AppDelegate.h */ = {isa = PBXFileReference; lastKnownFileType = sourcecode.c.h; path = AppDelegate.h; sourceTree = "<group>"; };
		9F68AE541CC89E5D003A8694 /* AppDelegate.m */ = {isa = PBXFileReference; lastKnownFileType = sourcecode.c.objc; path = AppDelegate.m; sourceTree = "<group>"; };
		9F68AE5A1CC89E5D003A8694 /* Base */ = {isa = PBXFileReference; lastKnownFileType = file.storyboard; name = Base; path = Base.lproj/Main.storyboard; sourceTree = "<group>"; };
		9F68AE5C1CC89E5D003A8694 /* Assets.xcassets */ = {isa = PBXFileReference; lastKnownFileType = folder.assetcatalog; path = Assets.xcassets; sourceTree = "<group>"; };
		9F68AE5F1CC89E5D003A8694 /* Base */ = {isa = PBXFileReference; lastKnownFileType = file.storyboard; name = Base; path = Base.lproj/LaunchScreen.storyboard; sourceTree = "<group>"; };
		9F68AE611CC89E5D003A8694 /* Info.plist */ = {isa = PBXFileReference; lastKnownFileType = text.plist.xml; path = Info.plist; sourceTree = "<group>"; };
		9F68AE6A1CC89F5F003A8694 /* MasterViewController.h */ = {isa = PBXFileReference; fileEncoding = 4; lastKnownFileType = sourcecode.c.h; path = MasterViewController.h; sourceTree = "<group>"; };
		9F68AE6B1CC89F5F003A8694 /* MasterViewController.m */ = {isa = PBXFileReference; fileEncoding = 4; lastKnownFileType = sourcecode.c.objc; path = MasterViewController.m; sourceTree = "<group>"; };
		9F68AE6C1CC89F5F003A8694 /* MasterViewController.xib */ = {isa = PBXFileReference; fileEncoding = 4; lastKnownFileType = file.xib; path = MasterViewController.xib; sourceTree = "<group>"; };
		9F68AE701CC8A536003A8694 /* 风景图.jpg */ = {isa = PBXFileReference; lastKnownFileType = image.jpeg; path = "风景图.jpg"; sourceTree = "<group>"; };
		9F68AE721CC8A7C9003A8694 /* IndividualLabelMenu.h */ = {isa = PBXFileReference; fileEncoding = 4; lastKnownFileType = sourcecode.c.h; path = IndividualLabelMenu.h; sourceTree = "<group>"; };
		9F68AE731CC8A7C9003A8694 /* IndividualLabelMenu.m */ = {isa = PBXFileReference; fileEncoding = 4; lastKnownFileType = sourcecode.c.objc; path = IndividualLabelMenu.m; sourceTree = "<group>"; };
		9F68AE751CC8C16B003A8694 /* QQProfileMagicView.h */ = {isa = PBXFileReference; fileEncoding = 4; lastKnownFileType = sourcecode.c.h; path = QQProfileMagicView.h; sourceTree = "<group>"; };
		9F68AE761CC8C16B003A8694 /* QQProfileMagicView.m */ = {isa = PBXFileReference; fileEncoding = 4; lastKnownFileType = sourcecode.c.objc; path = QQProfileMagicView.m; sourceTree = "<group>"; };
		9F8E54CC1CCDBF20007832D7 /* QQHeaderView.h */ = {isa = PBXFileReference; fileEncoding = 4; lastKnownFileType = sourcecode.c.h; path = QQHeaderView.h; sourceTree = "<group>"; };
		9F8E54CD1CCDBF20007832D7 /* QQHeaderView.m */ = {isa = PBXFileReference; fileEncoding = 4; lastKnownFileType = sourcecode.c.objc; path = QQHeaderView.m; sourceTree = "<group>"; };
		9F8E54CF1CCDE14F007832D7 /* 1.jpg */ = {isa = PBXFileReference; lastKnownFileType = image.jpeg; path = 1.jpg; sourceTree = "<group>"; };
/* End PBXFileReference section */

/* Begin PBXFrameworksBuildPhase section */
		9F68AE4A1CC89E5D003A8694 /* Frameworks */ = {
			isa = PBXFrameworksBuildPhase;
			buildActionMask = 2147483647;
			files = (
			);
			runOnlyForDeploymentPostprocessing = 0;
		};
/* End PBXFrameworksBuildPhase section */

/* Begin PBXGroup section */
		9F68AE441CC89E5D003A8694 = {
			isa = PBXGroup;
			children = (
				9F68AE4F1CC89E5D003A8694 /* QQUserProfile */,
				9F68AE4E1CC89E5D003A8694 /* Products */,
			);
			sourceTree = "<group>";
		};
		9F68AE4E1CC89E5D003A8694 /* Products */ = {
			isa = PBXGroup;
			children = (
				9F68AE4D1CC89E5D003A8694 /* QQUserProfile.app */,
			);
			name = Products;
			sourceTree = "<group>";
		};
		9F68AE4F1CC89E5D003A8694 /* QQUserProfile */ = {
			isa = PBXGroup;
			children = (
				9F68AE671CC89E94003A8694 /* Controllers */,
				9F68AE681CC89E94003A8694 /* Models */,
				9F68AE691CC89E94003A8694 /* Views */,
				9F68AE6F1CC8A536003A8694 /* Images */,
				9F68AE531CC89E5D003A8694 /* AppDelegate.h */,
				9F68AE541CC89E5D003A8694 /* AppDelegate.m */,
				9F8E54CF1CCDE14F007832D7 /* 1.jpg */,
				9F68AE591CC89E5D003A8694 /* Main.storyboard */,
				9F68AE5C1CC89E5D003A8694 /* Assets.xcassets */,
				9F68AE5E1CC89E5D003A8694 /* LaunchScreen.storyboard */,
				9F68AE611CC89E5D003A8694 /* Info.plist */,
				9F68AE501CC89E5D003A8694 /* Supporting Files */,
			);
			path = QQUserProfile;
			sourceTree = "<group>";
		};
		9F68AE501CC89E5D003A8694 /* Supporting Files */ = {
			isa = PBXGroup;
			children = (
				9F68AE511CC89E5D003A8694 /* main.m */,
			);
			name = "Supporting Files";
			sourceTree = "<group>";
		};
		9F68AE671CC89E94003A8694 /* Controllers */ = {
			isa = PBXGroup;
			children = (
				9F68AE6A1CC89F5F003A8694 /* MasterViewController.h */,
				9F68AE6B1CC89F5F003A8694 /* MasterViewController.m */,
				9F68AE6C1CC89F5F003A8694 /* MasterViewController.xib */,
			);
			path = Controllers;
			sourceTree = "<group>";
		};
		9F68AE681CC89E94003A8694 /* Models */ = {
			isa = PBXGroup;
			children = (
			);
			path = Models;
			sourceTree = "<group>";
		};
		9F68AE691CC89E94003A8694 /* Views */ = {
			isa = PBXGroup;
			children = (
				9F68AE751CC8C16B003A8694 /* QQProfileMagicView.h */,
				9F68AE761CC8C16B003A8694 /* QQProfileMagicView.m */,
				9F68AE721CC8A7C9003A8694 /* IndividualLabelMenu.h */,
				9F68AE731CC8A7C9003A8694 /* IndividualLabelMenu.m */,
				9F8E54CC1CCDBF20007832D7 /* QQHeaderView.h */,
				9F8E54CD1CCDBF20007832D7 /* QQHeaderView.m */,
			);
			path = Views;
			sourceTree = "<group>";
		};
		9F68AE6F1CC8A536003A8694 /* Images */ = {
			isa = PBXGroup;
			children = (
				9F5C1C561CCF49AB004F4BBD /* 1.gif */,
				9F68AE701CC8A536003A8694 /* 风景图.jpg */,
			);
			name = Images;
			path = Views/Images;
			sourceTree = "<group>";
		};
/* End PBXGroup section */

/* Begin PBXNativeTarget section */
		9F68AE4C1CC89E5D003A8694 /* QQUserProfile */ = {
			isa = PBXNativeTarget;
			buildConfigurationList = 9F68AE641CC89E5D003A8694 /* Build configuration list for PBXNativeTarget "QQUserProfile" */;
			buildPhases = (
				9F68AE491CC89E5D003A8694 /* Sources */,
				9F68AE4A1CC89E5D003A8694 /* Frameworks */,
				9F68AE4B1CC89E5D003A8694 /* Resources */,
			);
			buildRules = (
			);
			dependencies = (
			);
			name = QQUserProfile;
			productName = QQUserProfile;
			productReference = 9F68AE4D1CC89E5D003A8694 /* QQUserProfile.app */;
			productType = "com.apple.product-type.application";
		};
/* End PBXNativeTarget section */

/* Begin PBXProject section */
		9F68AE451CC89E5D003A8694 /* Project object */ = {
			isa = PBXProject;
			attributes = {
				LastUpgradeCheck = 0730;
				ORGANIZATIONNAME = "飞兽科技";
				TargetAttributes = {
					9F68AE4C1CC89E5D003A8694 = {
						CreatedOnToolsVersion = 7.3;
						DevelopmentTeam = FD4PJ7N7A9;
					};
				};
			};
			buildConfigurationList = 9F68AE481CC89E5D003A8694 /* Build configuration list for PBXProject "QQUserProfile" */;
			compatibilityVersion = "Xcode 3.2";
			developmentRegion = English;
			hasScannedForEncodings = 0;
			knownRegions = (
				en,
				Base,
			);
			mainGroup = 9F68AE441CC89E5D003A8694;
			productRefGroup = 9F68AE4E1CC89E5D003A8694 /* Products */;
			projectDirPath = "";
			projectRoot = "";
			targets = (
				9F68AE4C1CC89E5D003A8694 /* QQUserProfile */,
			);
		};
/* End PBXProject section */

/* Begin PBXResourcesBuildPhase section */
		9F68AE4B1CC89E5D003A8694 /* Resources */ = {
			isa = PBXResourcesBuildPhase;
			buildActionMask = 2147483647;
			files = (
				9F68AE711CC8A536003A8694 /* 风景图.jpg in Resources */,
				9F68AE6E1CC89F5F003A8694 /* MasterViewController.xib in Resources */,
				9F68AE601CC89E5D003A8694 /* LaunchScreen.storyboard in Resources */,
				9F8E54D01CCDE14F007832D7 /* 1.jpg in Resources */,
				9F5C1C571CCF49AB004F4BBD /* 1.gif in Resources */,
				9F68AE5D1CC89E5D003A8694 /* Assets.xcassets in Resources */,
				9F68AE5B1CC89E5D003A8694 /* Main.storyboard in Resources */,
			);
			runOnlyForDeploymentPostprocessing = 0;
		};
/* End PBXResourcesBuildPhase section */

/* Begin PBXSourcesBuildPhase section */
		9F68AE491CC89E5D003A8694 /* Sources */ = {
			isa = PBXSourcesBuildPhase;
			buildActionMask = 2147483647;
			files = (
				9F68AE551CC89E5D003A8694 /* AppDelegate.m in Sources */,
				9F68AE771CC8C16B003A8694 /* QQProfileMagicView.m in Sources */,
				9F68AE6D1CC89F5F003A8694 /* MasterViewController.m in Sources */,
				9F8E54CE1CCDBF20007832D7 /* QQHeaderView.m in Sources */,
				9F68AE741CC8A7C9003A8694 /* IndividualLabelMenu.m in Sources */,
				9F68AE521CC89E5D003A8694 /* main.m in Sources */,
			);
			runOnlyForDeploymentPostprocessing = 0;
		};
/* End PBXSourcesBuildPhase section */

/* Begin PBXVariantGroup section */
		9F68AE591CC89E5D003A8694 /* Main.storyboard */ = {
			isa = PBXVariantGroup;
			children = (
				9F68AE5A1CC89E5D003A8694 /* Base */,
			);
			name = Main.storyboard;
			sourceTree = "<group>";
		};
		9F68AE5E1CC89E5D003A8694 /* LaunchScreen.storyboard */ = {
			isa = PBXVariantGroup;
			children = (
				9F68AE5F1CC89E5D003A8694 /* Base */,
			);
			name = LaunchScreen.storyboard;
			sourceTree = "<group>";
		};
/* End PBXVariantGroup section */

/* Begin XCBuildConfiguration section */
		9F68AE621CC89E5D003A8694 /* Debug */ = {
			isa = XCBuildConfiguration;
			buildSettings = {
				ALWAYS_SEARCH_USER_PATHS = NO;
				CLANG_ANALYZER_NONNULL = YES;
				CLANG_CXX_LANGUAGE_STANDARD = "gnu++0x";
				CLANG_CXX_LIBRARY = "libc++";
				CLANG_ENABLE_MODULES = YES;
				CLANG_ENABLE_OBJC_ARC = YES;
				CLANG_WARN_BOOL_CONVERSION = YES;
				CLANG_WARN_CONSTANT_CONVERSION = YES;
				CLANG_WARN_DIRECT_OBJC_ISA_USAGE = YES_ERROR;
				CLANG_WARN_EMPTY_BODY = YES;
				CLANG_WARN_ENUM_CONVERSION = YES;
				CLANG_WARN_INT_CONVERSION = YES;
				CLANG_WARN_OBJC_ROOT_CLASS = YES_ERROR;
				CLANG_WARN_UNREACHABLE_CODE = YES;
				CLANG_WARN__DUPLICATE_METHOD_MATCH = YES;
				"CODE_SIGN_IDENTITY[sdk=iphoneos*]" = "iPhone Developer";
				COPY_PHASE_STRIP = NO;
				DEBUG_INFORMATION_FORMAT = dwarf;
				ENABLE_STRICT_OBJC_MSGSEND = YES;
				ENABLE_TESTABILITY = YES;
				GCC_C_LANGUAGE_STANDARD = gnu99;
				GCC_DYNAMIC_NO_PIC = NO;
				GCC_NO_COMMON_BLOCKS = YES;
				GCC_OPTIMIZATION_LEVEL = 0;
				GCC_PREPROCESSOR_DEFINITIONS = (
					"DEBUG=1",
					"$(inherited)",
				);
				GCC_WARN_64_TO_32_BIT_CONVERSION = YES;
				GCC_WARN_ABOUT_RETURN_TYPE = YES_ERROR;
				GCC_WARN_UNDECLARED_SELECTOR = YES;
				GCC_WARN_UNINITIALIZED_AUTOS = YES_AGGRESSIVE;
				GCC_WARN_UNUSED_FUNCTION = YES;
				GCC_WARN_UNUSED_VARIABLE = YES;
				IPHONEOS_DEPLOYMENT_TARGET = 9.3;
				MTL_ENABLE_DEBUG_INFO = YES;
				ONLY_ACTIVE_ARCH = YES;
				SDKROOT = iphoneos;
			};
			name = Debug;
		};
		9F68AE631CC89E5D003A8694 /* Release */ = {
			isa = XCBuildConfiguration;
			buildSettings = {
				ALWAYS_SEARCH_USER_PATHS = NO;
				CLANG_ANALYZER_NONNULL = YES;
				CLANG_CXX_LANGUAGE_STANDARD = "gnu++0x";
				CLANG_CXX_LIBRARY = "libc++";
				CLANG_ENABLE_MODULES = YES;
				CLANG_ENABLE_OBJC_ARC = YES;
				CLANG_WARN_BOOL_CONVERSION = YES;
				CLANG_WARN_CONSTANT_CONVERSION = YES;
				CLANG_WARN_DIRECT_OBJC_ISA_USAGE = YES_ERROR;
				CLANG_WARN_EMPTY_BODY = YES;
				CLANG_WARN_ENUM_CONVERSION = YES;
				CLANG_WARN_INT_CONVERSION = YES;
				CLANG_WARN_OBJC_ROOT_CLASS = YES_ERROR;
				CLANG_WARN_UNREACHABLE_CODE = YES;
				CLANG_WARN__DUPLICATE_METHOD_MATCH = YES;
				"CODE_SIGN_IDENTITY[sdk=iphoneos*]" = "iPhone Developer";
				COPY_PHASE_STRIP = NO;
				DEBUG_INFORMATION_FORMAT = "dwarf-with-dsym";
				ENABLE_NS_ASSERTIONS = NO;
				ENABLE_STRICT_OBJC_MSGSEND = YES;
				GCC_C_LANGUAGE_STANDARD = gnu99;
				GCC_NO_COMMON_BLOCKS = YES;
				GCC_WARN_64_TO_32_BIT_CONVERSION = YES;
				GCC_WARN_ABOUT_RETURN_TYPE = YES_ERROR;
				GCC_WARN_UNDECLARED_SELECTOR = YES;
				GCC_WARN_UNINITIALIZED_AUTOS = YES_AGGRESSIVE;
				GCC_WARN_UNUSED_FUNCTION = YES;
				GCC_WARN_UNUSED_VARIABLE = YES;
				IPHONEOS_DEPLOYMENT_TARGET = 9.3;
				MTL_ENABLE_DEBUG_INFO = NO;
				SDKROOT = iphoneos;
				VALIDATE_PRODUCT = YES;
			};
			name = Release;
		};
		9F68AE651CC89E5D003A8694 /* Debug */ = {
			isa = XCBuildConfiguration;
			buildSettings = {
				ASSETCATALOG_COMPILER_APPICON_NAME = AppIcon;
				CODE_SIGN_IDENTITY = "iPhone Developer";
				INFOPLIST_FILE = QQUserProfile/Info.plist;
				IPHONEOS_DEPLOYMENT_TARGET = 8.0;
				LD_RUNPATH_SEARCH_PATHS = "$(inherited) @executable_path/Frameworks";
				PRODUCT_BUNDLE_IDENTIFIER = sand.QQUserProfile;
				PRODUCT_NAME = "$(TARGET_NAME)";
			};
			name = Debug;
		};
		9F68AE661CC89E5D003A8694 /* Release */ = {
			isa = XCBuildConfiguration;
			buildSettings = {
				ASSETCATALOG_COMPILER_APPICON_NAME = AppIcon;
				CODE_SIGN_IDENTITY = "iPhone Developer";
				INFOPLIST_FILE = QQUserProfile/Info.plist;
				IPHONEOS_DEPLOYMENT_TARGET = 8.0;
				LD_RUNPATH_SEARCH_PATHS = "$(inherited) @executable_path/Frameworks";
				PRODUCT_BUNDLE_IDENTIFIER = sand.QQUserProfile;
				PRODUCT_NAME = "$(TARGET_NAME)";
			};
			name = Release;
		};
/* End XCBuildConfiguration section */

/* Begin XCConfigurationList section */
		9F68AE481CC89E5D003A8694 /* Build configuration list for PBXProject "QQUserProfile" */ = {
			isa = XCConfigurationList;
			buildConfigurations = (
				9F68AE621CC89E5D003A8694 /* Debug */,
				9F68AE631CC89E5D003A8694 /* Release */,
			);
			defaultConfigurationIsVisible = 0;
			defaultConfigurationName = Release;
		};
		9F68AE641CC89E5D003A8694 /* Build configuration list for PBXNativeTarget "QQUserProfile" */ = {
			isa = XCConfigurationList;
			buildConfigurations = (
				9F68AE651CC89E5D003A8694 /* Debug */,
				9F68AE661CC89E5D003A8694 /* Release */,
			);
			defaultConfigurationIsVisible = 0;
			defaultConfigurationName = Release;
		};
/* End XCConfigurationList section */
	};
	rootObject = 9F68AE451CC89E5D003A8694 /* Project object */;
}
